{
  "version": 4,
  "terraform_version": "1.0.2",
  "serial": 3,
  "lineage": "5947ffbd-9430-8980-0773-033e0f4ececf",
  "outputs": {},
  "resources": [
    {
      "mode": "managed",
      "type": "google_service_account",
      "name": "terra",
      "provider": "provider[\"registry.terraform.io/hashicorp/google\"]",
      "instances": [
        {
          "schema_version": 0,
          "attributes": {
            "account_id": "my-account",
            "description": "",
            "display_name": "Terra-acco",
            "email": "my-account@leo820.iam.gserviceaccount.com",
            "id": "projects/leo820/serviceAccounts/my-account@leo820.iam.gserviceaccount.com",
            "name": "projects/leo820/serviceAccounts/my-account@leo820.iam.gserviceaccount.com",
            "project": "leo820",
            "unique_id": "106070617036791475444"
          },
          "sensitive_attributes": [],
          "private": "bnVsbA=="
        }
      ]
    }
  ]
}
