{
  "version": 4,
  "terraform_version": "1.0.2",
  "serial": 11,
  "lineage": "94b42fb4-950a-2fe4-fa9d-2020cbedbe96",
  "outputs": {},
  "resources": [
    {
      "mode": "managed",
      "type": "google_bigquery_dataset",
      "name": "breweries",
      "provider": "provider[\"registry.terraform.io/hashicorp/google\"]",
      "instances": [
        {
          "schema_version": 0,
          "attributes": {
            "access": [
              {
                "domain": "",
                "group_by_email": "",
                "role": "OWNER",
                "special_group": "",
                "user_by_email": "terra-706@leo820.iam.gserviceaccount.com",
                "view": []
              },
              {
                "domain": "",
                "group_by_email": "",
                "role": "OWNER",
                "special_group": "projectOwners",
                "user_by_email": "",
                "view": []
              },
              {
                "domain": "",
                "group_by_email": "",
                "role": "READER",
                "special_group": "projectReaders",
                "user_by_email": "",
                "view": []
              },
              {
                "domain": "",
                "group_by_email": "",
                "role": "WRITER",
                "special_group": "projectWriters",
                "user_by_email": "",
                "view": []
              }
            ],
            "creation_time": 1629887799945,
            "dataset_id": "Breweries",
            "default_encryption_configuration": [],
            "default_partition_expiration_ms": 0,
            "default_table_expiration_ms": 3600000,
            "delete_contents_on_destroy": false,
            "description": "This is a test description",
            "etag": "cWOwcjoBqvnCyJUxEt6U/w==",
            "friendly_name": "",
            "id": "projects/leo820/datasets/Breweries",
            "labels": {
              "env": "breweries"
            },
            "last_modified_time": 1629887799945,
            "location": "US",
            "project": "leo820",
            "self_link": "https://www.googleapis.com/bigquery/v2/projects/leo820/datasets/Breweries",
            "timeouts": null
          },
          "sensitive_attributes": [],
          "private": "eyJlMmJmYjczMC1lY2FhLTExZTYtOGY4OC0zNDM2M2JjN2M0YzAiOnsiY3JlYXRlIjoyNDAwMDAwMDAwMDAsImRlbGV0ZSI6MjQwMDAwMDAwMDAwLCJ1cGRhdGUiOjI0MDAwMDAwMDAwMH19"
        }
      ]
    },
    {
      "mode": "managed",
      "type": "google_bigquery_table",
      "name": "names",
      "provider": "provider[\"registry.terraform.io/hashicorp/google\"]",
      "instances": [
        {
          "schema_version": 0,
          "attributes": {
            "clustering": null,
            "creation_time": 1629887800745,
            "dataset_id": "Breweries",
            "description": "",
            "encryption_configuration": [],
            "etag": "OWPJiz6xj/qBRC5+WJfSww==",
            "expiration_time": 1629891400745,
            "external_data_configuration": [],
            "friendly_name": "",
            "id": "projects/leo820/datasets/Breweries/tables/names",
            "labels": {
              "env": "names"
            },
            "last_modified_time": 1629887800853,
            "location": "US",
            "num_bytes": 0,
            "num_long_term_bytes": 0,
            "num_rows": 0,
            "project": "leo820",
            "schema": "[{\"mode\":\"NULLABLE\",\"name\":\"id\",\"type\":\"STRING\"},{\"mode\":\"NULLABLE\",\"name\":\"name\",\"type\":\"STRING\"},{\"mode\":\"NULLABLE\",\"name\":\"street\",\"type\":\"STRING\"},{\"mode\":\"NULLABLE\",\"name\":\"city\",\"type\":\"STRING\"},{\"mode\":\"NULLABLE\",\"name\":\"longitude\",\"type\":\"FLOAT\"},{\"mode\":\"NULLABLE\",\"name\":\"latitude\",\"type\":\"FLOAT\"}]",
            "self_link": "https://www.googleapis.com/bigquery/v2/projects/leo820/datasets/Breweries/tables/names",
            "table_id": "names",
            "time_partitioning": [],
            "type": "TABLE",
            "view": []
          },
          "sensitive_attributes": [],
          "private": "bnVsbA==",
          "dependencies": [
            "google_bigquery_dataset.breweries"
          ]
        }
      ]
    }
  ]
}
