{
  "version": 4,
  "terraform_version": "1.0.2",
  "serial": 3,
  "lineage": "22644ca8-7137-1dc7-ea9f-232d458409f5",
  "outputs": {},
  "resources": [
    {
      "mode": "data",
      "type": "google_app_engine_default_service_account",
      "name": "default",
      "provider": "provider[\"registry.terraform.io/hashicorp/google-beta\"]",
      "instances": [
        {
          "schema_version": 0,
          "attributes": {
            "display_name": "App Engine default service account",
            "email": "leo820@appspot.gserviceaccount.com",
            "id": "projects/leo820/serviceAccounts/leo820@appspot.gserviceaccount.com",
            "name": "projects/leo820/serviceAccounts/leo820@appspot.gserviceaccount.com",
            "project": "leo820",
            "unique_id": "118246296514066823160"
          },
          "sensitive_attributes": []
        }
      ]
    },
    {
      "mode": "managed",
      "type": "google_data_fusion_instance",
      "name": "apifusion",
      "provider": "provider[\"registry.terraform.io/hashicorp/google-beta\"]",
      "instances": [
        {
          "schema_version": 0,
          "attributes": {
            "create_time": "2021-08-25T10:45:01.662799745Z",
            "dataproc_service_account": "leo820@appspot.gserviceaccount.com",
            "description": "Data Fusion instance",
            "enable_stackdriver_logging": true,
            "enable_stackdriver_monitoring": true,
            "id": "projects/leo820/locations/us-central1/instances/apifusion",
            "labels": null,
            "name": "apifusion",
            "network_config": [],
            "options": null,
            "private_instance": false,
            "project": "leo820",
            "region": "us-central1",
            "service_account": "cloud-datafusion-management-sa@q3ced93aedd4f5a04-tp.iam.gserviceaccount.com",
            "service_endpoint": "https://apifusion-leo820-dot-usc1.datafusion.googleusercontent.com",
            "state": "RUNNING",
            "state_message": "",
            "timeouts": null,
            "type": "BASIC",
            "update_time": "2021-08-25T10:59:07.354600189Z",
            "version": "6.4.1"
          },
          "sensitive_attributes": [],
          "private": "eyJlMmJmYjczMC1lY2FhLTExZTYtOGY4OC0zNDM2M2JjN2M0YzAiOnsiY3JlYXRlIjozNjAwMDAwMDAwMDAwLCJkZWxldGUiOjMwMDAwMDAwMDAwMDAsInVwZGF0ZSI6MTUwMDAwMDAwMDAwMH19",
          "dependencies": [
            "data.google_app_engine_default_service_account.default"
          ]
        }
      ]
    }
  ]
}
