{
  "version": 4,
  "terraform_version": "1.0.2",
  "serial": 3,
  "lineage": "57667467-386d-38bd-36e5-45cc74986269",
  "outputs": {},
  "resources": [
    {
      "mode": "managed",
      "type": "google_storage_bucket",
      "name": "publicstaticwebsite",
      "provider": "provider[\"registry.terraform.io/hashicorp/google\"]",
      "instances": [
        {
          "schema_version": 0,
          "attributes": {
            "bucket_policy_only": false,
            "cors": [],
            "encryption": [],
            "force_destroy": true,
            "id": "publicstaticwebsite",
            "labels": null,
            "lifecycle_rule": [],
            "location": "US",
            "logging": [],
            "name": "publicstaticwebsite",
            "project": "leo820",
            "requester_pays": false,
            "retention_policy": [],
            "self_link": "https://www.googleapis.com/storage/v1/b/publicstaticwebsite",
            "storage_class": "STANDARD",
            "url": "gs://publicstaticwebsite",
            "versioning": [],
            "website": []
          },
          "sensitive_attributes": [],
          "private": "bnVsbA=="
        }
      ]
    }
  ]
}
