{
  "version": 4,
  "terraform_version": "1.0.2",
  "serial": 5,
  "lineage": "57667467-386d-38bd-36e5-45cc74986269",
  "outputs": {},
  "resources": [
    {
      "mode": "managed",
      "type": "google_storage_bucket",
      "name": "publicstaticwebsite",
      "provider": "provider[\"registry.terraform.io/hashicorp/google\"]",
      "instances": [
        {
          "schema_version": 0,
          "attributes": {
            "bucket_policy_only": false,
            "cors": [],
            "encryption": [],
            "force_destroy": true,
            "id": "publicstaticwebsite",
            "labels": {},
            "lifecycle_rule": [],
            "location": "US",
            "logging": [],
            "name": "publicstaticwebsite",
            "project": "leo820",
            "requester_pays": false,
            "retention_policy": [],
            "self_link": "https://www.googleapis.com/storage/v1/b/publicstaticwebsite",
            "storage_class": "STANDARD",
            "url": "gs://publicstaticwebsite",
            "versioning": [],
            "website": []
          },
          "sensitive_attributes": [],
          "private": "bnVsbA=="
        }
      ]
    },
    {
      "mode": "managed",
      "type": "google_storage_bucket_object",
      "name": "get_satellites",
      "provider": "provider[\"registry.terraform.io/hashicorp/google\"]",
      "instances": [
        {
          "schema_version": 0,
          "attributes": {
            "bucket": "publicstaticwebsite",
            "cache_control": "",
            "content": null,
            "content_disposition": "",
            "content_encoding": "",
            "content_language": "",
            "content_type": "text/html; charset=utf-8",
            "crc32c": "61fxKg==",
            "detect_md5hash": "NgOq8s3mY3m3Tn8K1tR8Iw==",
            "id": "publicstaticwebsite-index.html",
            "md5hash": "NgOq8s3mY3m3Tn8K1tR8Iw==",
            "name": "index.html",
            "output_name": "index.html",
            "self_link": "https://www.googleapis.com/storage/v1/b/publicstaticwebsite/o/index.html",
            "source": "C:\\Users\\Leo1\\Downloads\\academy\\9_viikko\\project\\terraform_testit\\staticwebsite\\index.html",
            "storage_class": "STANDARD"
          },
          "sensitive_attributes": [],
          "private": "bnVsbA=="
        }
      ]
    }
  ]
}
