{
  "version": 4,
  "terraform_version": "1.0.2",
  "serial": 114,
  "lineage": "e5f68bd5-de21-583a-3267-afd59dcbfb80",
  "outputs": {},
  "resources": [
    {
      "mode": "managed",
      "type": "google_cloudfunctions_function",
      "name": "get_satellites",
      "provider": "provider[\"registry.terraform.io/hashicorp/google\"]",
      "instances": [
        {
          "schema_version": 0,
          "attributes": {
            "available_memory_mb": 128,
            "description": "Get satellites flying over",
            "entry_point": "get_satellites",
            "environment_variables": null,
            "event_trigger": [],
            "https_trigger_url": "https://us-central1-leo820.cloudfunctions.net/get_satellites",
            "id": "projects/leo820/locations/us-central1/functions/get_satellites",
            "labels": null,
            "max_instances": 0,
            "name": "get_satellites",
            "project": "leo820",
            "region": "us-central1",
            "runtime": "python37",
            "service_account_email": "leo820@appspot.gserviceaccount.com",
            "source_archive_bucket": "get_satellites_src",
            "source_archive_object": "index.zip",
            "source_repository": [],
            "timeout": 60,
            "timeouts": null,
            "trigger_http": true,
            "vpc_connector": ""
          },
          "sensitive_attributes": [],
          "private": "eyJlMmJmYjczMC1lY2FhLTExZTYtOGY4OC0zNDM2M2JjN2M0YzAiOnsiY3JlYXRlIjozMDAwMDAwMDAwMDAsImRlbGV0ZSI6MzAwMDAwMDAwMDAwLCJyZWFkIjozMDAwMDAwMDAwMDAsInVwZGF0ZSI6MzAwMDAwMDAwMDAwfX0="
        }
      ]
    },
    {
      "mode": "managed",
      "type": "google_storage_bucket",
      "name": "get_satellites_src",
      "provider": "provider[\"registry.terraform.io/hashicorp/google\"]",
      "instances": [
        {
          "schema_version": 0,
          "attributes": {
            "bucket_policy_only": false,
            "cors": [],
            "encryption": [],
            "force_destroy": true,
            "id": "get_satellites_src",
            "labels": {},
            "lifecycle_rule": [],
            "location": "US",
            "logging": [],
            "name": "get_satellites_src",
            "project": "leo820",
            "requester_pays": false,
            "retention_policy": [],
            "self_link": "https://www.googleapis.com/storage/v1/b/get_satellites_src",
            "storage_class": "STANDARD",
            "url": "gs://get_satellites_src",
            "versioning": [],
            "website": []
          },
          "sensitive_attributes": [],
          "private": "bnVsbA=="
        }
      ]
    },
    {
      "mode": "managed",
      "type": "google_storage_bucket_object",
      "name": "get_satellites",
      "provider": "provider[\"registry.terraform.io/hashicorp/google\"]",
      "instances": [
        {
          "schema_version": 0,
          "attributes": {
            "bucket": "get_satellites_src",
            "cache_control": "",
            "content": null,
            "content_disposition": "",
            "content_encoding": "",
            "content_language": "",
            "content_type": "application/zip",
            "crc32c": "3Ospvg==",
            "detect_md5hash": "MrYw4t6IcrNtE7XV9kboeg==",
            "id": "get_satellites_src-index.zip",
            "md5hash": "MrYw4t6IcrNtE7XV9kboeg==",
            "name": "index.zip",
            "output_name": "index.zip",
            "self_link": "https://www.googleapis.com/storage/v1/b/get_satellites_src/o/index.zip",
            "source": "C:\\Users\\Leo1\\Downloads\\academy\\9_viikko\\project\\terraform_testit\\get_satellites_poc\\index.zip",
            "storage_class": "STANDARD"
          },
          "sensitive_attributes": [],
          "private": "bnVsbA=="
        }
      ]
    }
  ]
}
