{
  "version": 4,
  "terraform_version": "1.0.2",
  "serial": 86,
  "lineage": "ff5a543e-ea18-5ed8-b8c1-cef3b1810d3c",
  "outputs": {},
  "resources": [
    {
      "mode": "managed",
      "type": "google_api_gateway_api",
      "name": "pub-api",
      "provider": "provider[\"registry.terraform.io/hashicorp/google-beta\"]",
      "instances": [
        {
          "schema_version": 0,
          "attributes": {
            "api_id": "pub-api",
            "create_time": "2021-08-26T09:16:57.928489046Z",
            "display_name": "pub-api",
            "id": "projects/leo820/locations/global/apis/pub-api",
            "labels": null,
            "managed_service": "pub-api-0v73urrj1nk0i.apigateway.leo820.cloud.goog",
            "name": "projects/leo820/locations/global/apis/pub-api",
            "project": "leo820",
            "timeouts": null
          },
          "sensitive_attributes": [],
          "private": "eyJlMmJmYjczMC1lY2FhLTExZTYtOGY4OC0zNDM2M2JjN2M0YzAiOnsiY3JlYXRlIjozNjAwMDAwMDAwMDAsImRlbGV0ZSI6MzYwMDAwMDAwMDAwLCJ1cGRhdGUiOjM2MDAwMDAwMDAwMH19"
        }
      ]
    },
    {
      "mode": "managed",
      "type": "google_api_gateway_gateway",
      "name": "api-gw-gw",
      "provider": "provider[\"registry.terraform.io/hashicorp/google-beta\"]",
      "instances": []
    }
  ]
}
